
Microsoft Visual Studio Solution File, Format Version 12.00
# Visual Studio Version 17
VisualStudioVersion = 17.4.33205.214
MinimumVisualStudioVersion = 10.0.40219.1
Project("{FAE04EC0-301F-11D3-BF4B-00C04F79EFBC}") = "CustomerScaffold", "CustomerScaffold\CustomerScaffold.csproj", "{DEF424C9-F03E-470C-A713-E0B76569B5BC}"
EndProject
Global
	GlobalSection(SolutionConfigurationPlatforms) = preSolution
		Debug|Any CPU = Debug|Any CPU
		Release|Any CPU = Release|Any CPU
	EndGlobalSection
	GlobalSection(ProjectConfigurationPlatforms) = postSolution
		{DEF424C9-F03E-470C-A713-E0B76569B5BC}.Debug|Any CPU.ActiveCfg = Debug|Any CPU
		{DEF424C9-F03E-470C-A713-E0B76569B5BC}.Debug|Any CPU.Build.0 = Debug|Any CPU
		{DEF424C9-F03E-470C-A713-E0B76569B5BC}.Release|Any CPU.ActiveCfg = Release|Any CPU
		{DEF424C9-F03E-470C-A713-E0B76569B5BC}.Release|Any CPU.Build.0 = Release|Any CPU
	EndGlobalSection
	GlobalSection(SolutionProperties) = preSolution
		HideSolutionNode = FALSE
	EndGlobalSection
	GlobalSection(ExtensibilityGlobals) = postSolution
		SolutionGuid = {1B490CC1-6655-402C-9413-930B1B542AF7}
	EndGlobalSection
EndGlobal
